# This file is autogenerated, do not edit; changes may be undone by the next 'dep ensure'.


[[projects]]
  branch = "master"
  digest = "1:6978a38432a017763a148afbc7ce6491734b54292af7d3e969d84d2e9dd242e2"
  name = "github.com/Azure/go-ansiterm"
  packages = [
    ".",
    "winterm",
  ]
  pruneopts = ""
  revision = "d6e3b3328b783f23731bc4d058875b0371ff8109"

[[projects]]
  digest = "1:6542e2b66fda16e5287aaf563e799aacd5fbe48be9abdec576fa6e945b58a775"
  name = "github.com/Microsoft/go-winio"
  packages = ["."]
  pruneopts = ""
  revision = "67921128fb397dd80339870d2193d6b1e6856fd4"
  version = "v0.4.8"

[[projects]]
  branch = "master"
  digest = "1:3721a10686511b80c052323423f0de17a8c06d417dbdd3b392b1578432a33aae"
  name = "github.com/Nvveen/Gotty"
  packages = ["."]
  pruneopts = ""
  revision = "cd527374f1e5bff4938207604a14f2e38a9cf512"

[[projects]]
  branch = "master"
  digest = "1:cf47a53f2ab604357c0dfa8bbc2adf40c6e6668d526f957da38703dd06732823"
  name = "github.com/docker/distribution"
  packages = [
    "digestset",
    "reference",
  ]
  pruneopts = ""
  revision = "749f6afb4572201e3c37325d0ffedb6f32be8950"

[[projects]]
  branch = "master"
  digest = "1:05c805e26044b46bcfeb5c9dcfdf6bc60589d2c66483ddd828ae1219c876af0e"
  name = "github.com/docker/docker"
  packages = [
    "api",
    "api/types",
    "api/types/blkiodev",
    "api/types/container",
    "api/types/events",
    "api/types/filters",
    "api/types/image",
    "api/types/mount",
    "api/types/network",
    "api/types/registry",
    "api/types/strslice",
    "api/types/swarm",
    "api/types/swarm/runtime",
    "api/types/time",
    "api/types/versions",
    "api/types/volume",
    "client",
    "errdefs",
    "pkg/jsonmessage",
    "pkg/term",
    "pkg/term/windows",
  ]
  pruneopts = ""
  revision = "a2a1d04bcae54129b5c4ddad4e4f68458fb5ef3d"

[[projects]]
  digest = "1:5b20afc76a36d3994194e2612e83b51bc2b12db3d4d2a722b24474b2d0e3a890"
  name = "github.com/docker/go-connections"
  packages = [
    "nat",
    "sockets",
    "tlsconfig",
  ]
  pruneopts = ""
  revision = "3ede32e2033de7505e6500d6c868c2b9ed9f169d"
  version = "v0.3.0"

[[projects]]
  digest = "1:582d54fcb7233da8dde1dfd2210a5b9675d0685f84246a8d317b07d680c18b1b"
  name = "github.com/docker/go-units"
  packages = ["."]
  pruneopts = ""
  revision = "47565b4f722fb6ceae66b95f853feed578a4a51c"
  version = "v0.3.3"

[[projects]]
  digest = "1:602c5827bcd5eca47c041a39aff7b626dda114da57a0334a9230bdc5cf8ed3ed"
  name = "github.com/gogo/protobuf"
  packages = ["proto"]
  pruneopts = ""
  revision = "1adfc126b41513cc696b209667c8656ea7aac67c"
  version = "v1.0.0"

[[projects]]
  digest = "1:fe1b4d4cbe48c0d55507c55f8663aa4185576cc58fa0c8be03bb8f19dfe17a9c"
  name = "github.com/gorilla/websocket"
  packages = ["."]
  pruneopts = ""
  revision = "ea4d1f681babbce9545c9c5f3d5194a789c89f5b"
  version = "v1.2.0"

[[projects]]
  digest = "1:5d9b668b0b4581a978f07e7d2e3314af18eb27b3fb5d19b70185b7c575723d11"
  name = "github.com/opencontainers/go-digest"
  packages = ["."]
  pruneopts = ""
  revision = "279bed98673dd5bef374d3b6e4b09e2af76183bf"
  version = "v1.0.0-rc1"

[[projects]]
  digest = "1:0d08f7224705b1df80beee92ffbdc63ab13fd6f6eb80bf287735f9bc7e8b83eb"
  name = "github.com/opencontainers/image-spec"
  packages = [
    "specs-go",
    "specs-go/v1",
  ]
  pruneopts = ""
  revision = "d60099175f88c47cd379c4738d158884749ed235"
  version = "v1.0.1"

[[projects]]
  digest = "1:7365acd48986e205ccb8652cc746f09c8b7876030d53710ea6ef7d0bd0dcd7ca"
  name = "github.com/pkg/errors"
  packages = ["."]
  pruneopts = ""
  revision = "645ef00459ed84a119197bfb8d8205042c6df63d"
  version = "v0.8.0"

[[projects]]
  digest = "1:f2cc92b78b2f3b76ab0f9daddddd28627bcfcc6cacf119029aa3850082d95079"
  name = "github.com/sirupsen/logrus"
  packages = ["."]
  pruneopts = ""
  revision = "c155da19408a8799da419ed3eeb0cb5db0ad5dbc"
  version = "v1.0.5"

[[projects]]
  branch = "master"
  digest = "1:e79c3d6b195477b429f017aaa02af135249bbdff31c9acbd8a93bb37a4ef7d3b"
  name = "golang.org/x/crypto"
  packages = ["ssh/terminal"]
  pruneopts = ""
  revision = "a49355c7e3f8fe157a85be2f77e6e269a0f89602"

[[projects]]
  branch = "master"
  digest = "1:50a6b805181a9b3bf2c879fcad6e6ff4cc643fc2287c321c1fbfc751755ea7eb"
  name = "golang.org/x/net"
  packages = [
    "context",
    "context/ctxhttp",
    "internal/socks",
    "proxy",
  ]
  pruneopts = ""
  revision = "d0887baf81f4598189d4e12a37c6da86f0bba4d0"

[[projects]]
  branch = "master"
  digest = "1:880f5ae3ffdd8741fe179f0f70b46df57fcdd746f3a0e9d0e189bb6a241535e4"
  name = "golang.org/x/sys"
  packages = [
    "unix",
    "windows",
  ]
  pruneopts = ""
  revision = "1b2967e3c290b7c545b3db0deeda16e9be4f98a2"

[solve-meta]
  analyzer-name = "dep"
  analyzer-version = 1
  input-imports = [
    "github.com/docker/docker/api/types",
    "github.com/docker/docker/api/types/container",
    "github.com/docker/docker/api/types/strslice",
    "github.com/docker/docker/client",
    "github.com/docker/docker/pkg/jsonmessage",
    "github.com/docker/docker/pkg/term",
    "github.com/gorilla/websocket",
    "github.com/sirupsen/logrus",
  ]
  solver-name = "gps-cdcl"
  solver-version = 1
